
Microsoft Visual Studio Solution File, Format Version 12.00
# Visual Studio 15
VisualStudioVersion = 15.0.28010.0
MinimumVisualStudioVersion = 10.0.40219.1
Project("{FAE04EC0-301F-11D3-BF4B-00C04F79EFBC}") = "ComicBookGalleryModel", "ComicBookGalleryModel\ComicBookGalleryModel.csproj", "{C67D2717-238D-4450-8090-CD7DED98BB3F}"
EndProject
Project("{FAE04EC0-301F-11D3-BF4B-00C04F79EFBC}") = "ComicBookShared", "ComicBookShared\ComicBookShared.csproj", "{0FFB2EAA-631C-426B-B582-F23D4C6E7156}"
EndProject
Project("{FAE04EC0-301F-11D3-BF4B-00C04F79EFBC}") = "ComicBookLibraryManagerWebApp", "ComicBookLibraryManagerWebApp\ComicBookLibraryManagerWebApp.csproj", "{46C42924-538B-47EC-BB31-3B42557DC0CB}"
EndProject
Global
	GlobalSection(SolutionConfigurationPlatforms) = preSolution
		Debug|Any CPU = Debug|Any CPU
		Release|Any CPU = Release|Any CPU
	EndGlobalSection
	GlobalSection(ProjectConfigurationPlatforms) = postSolution
		{C67D2717-238D-4450-8090-CD7DED98BB3F}.Debug|Any CPU.ActiveCfg = Debug|Any CPU
		{C67D2717-238D-4450-8090-CD7DED98BB3F}.Debug|Any CPU.Build.0 = Debug|Any CPU
		{C67D2717-238D-4450-8090-CD7DED98BB3F}.Release|Any CPU.ActiveCfg = Release|Any CPU
		{C67D2717-238D-4450-8090-CD7DED98BB3F}.Release|Any CPU.Build.0 = Release|Any CPU
		{0FFB2EAA-631C-426B-B582-F23D4C6E7156}.Debug|Any CPU.ActiveCfg = Debug|Any CPU
		{0FFB2EAA-631C-426B-B582-F23D4C6E7156}.Debug|Any CPU.Build.0 = Debug|Any CPU
		{0FFB2EAA-631C-426B-B582-F23D4C6E7156}.Release|Any CPU.ActiveCfg = Release|Any CPU
		{0FFB2EAA-631C-426B-B582-F23D4C6E7156}.Release|Any CPU.Build.0 = Release|Any CPU
		{46C42924-538B-47EC-BB31-3B42557DC0CB}.Debug|Any CPU.ActiveCfg = Debug|Any CPU
		{46C42924-538B-47EC-BB31-3B42557DC0CB}.Debug|Any CPU.Build.0 = Debug|Any CPU
		{46C42924-538B-47EC-BB31-3B42557DC0CB}.Release|Any CPU.ActiveCfg = Release|Any CPU
		{46C42924-538B-47EC-BB31-3B42557DC0CB}.Release|Any CPU.Build.0 = Release|Any CPU
	EndGlobalSection
	GlobalSection(SolutionProperties) = preSolution
		HideSolutionNode = FALSE
	EndGlobalSection
	GlobalSection(ExtensibilityGlobals) = postSolution
		SolutionGuid = {4706C910-7A38-4B0E-AD43-EDAEB9C793EF}
	EndGlobalSection
EndGlobal
